<?xml version="1.0" encoding="UTF-8" standalone="yes" ?>
<CodeBlocks_project_file>
	<FileVersion major="1" minor="6" />
	<Project>
		<Option title="PROJET-INFO" />
		<Option pch_mode="2" />
		<Option compiler="gcc" />
		<Build>
			<Target title="Debug">
				<Option output="bin/Debug/PROJET-INFO" prefix_auto="1" extension_auto="1" />
				<Option object_output="obj/Debug/" />
				<Option type="1" />
				<Option compiler="gcc" />
				<Compiler>
					<Add option="-g" />
					<Add directory="sources/Blocs" />
					<Add directory="src/geometrie" />
					<Add directory="src/graphisme" />
				</Compiler>
			</Target>
			<Target title="Release">
				<Option output="bin/Release/PROJET-INFO" prefix_auto="1" extension_auto="1" />
				<Option object_output="obj/Release/" />
				<Option type="1" />
				<Option compiler="gcc" />
				<Compiler>
					<Add option="-O2" />
					<Add directory="sources/Blocs" />
					<Add directory="src/geometrie" />
					<Add directory="src/graphisme" />
				</Compiler>
				<Linker>
					<Add option="-s" />
				</Linker>
			</Target>
		</Build>
		<Compiler>
			<Add option="-Wall" />
			<Add option="-fexceptions" />
		</Compiler>
		<Unit filename="main.cpp" />
		<Unit filename="src/blocs/bloc.cpp" />
		<Unit filename="src/blocs/bloc.h" />
		<Unit filename="src/geometrie/coords.cpp" />
		<Unit filename="src/geometrie/coords.h" />
		<Unit filename="src/geometrie/disk.cpp" />
		<Unit filename="src/geometrie/disk.h" />
		<Unit filename="src/geometrie/disk_rotatable.cpp" />
		<Unit filename="src/geometrie/disk_rotatable.h" />
		<Unit filename="src/geometrie/disk_translatable.cpp" />
		<Unit filename="src/geometrie/disk_translatable.h" />
		<Unit filename="src/geometrie/geometrie.cpp" />
		<Unit filename="src/geometrie/geometrie.h" />
		<Unit filename="src/geometrie/losange.cpp" />
		<Unit filename="src/geometrie/losange.h" />
		<Unit filename="src/geometrie/losange_rotatable.cpp" />
		<Unit filename="src/geometrie/losange_rotatable.h" />
		<Unit filename="src/geometrie/losange_translatable.cpp" />
		<Unit filename="src/geometrie/losange_translatable.h" />
		<Unit filename="src/geometrie/matrice.cpp" />
		<Unit filename="src/geometrie/matrice.h" />
		<Unit filename="src/geometrie/rectangle.cpp" />
		<Unit filename="src/geometrie/rectangle.h" />
		<Unit filename="src/geometrie/rectangle_rotatable.cpp" />
		<Unit filename="src/geometrie/rectangle_rotatable.h" />
		<Unit filename="src/geometrie/rectangle_translatable.cpp" />
		<Unit filename="src/geometrie/rectangle_translatable.h" />
		<Unit filename="src/geometrie/rotatable.cpp" />
		<Unit filename="src/geometrie/rotatable.h" />
		<Unit filename="src/geometrie/transformation.cpp" />
		<Unit filename="src/geometrie/transformation.h" />
		<Unit filename="src/geometrie/translatable.cpp" />
		<Unit filename="src/geometrie/translatable.h" />
		<Unit filename="src/geometrie/triangle.cpp" />
		<Unit filename="src/geometrie/triangle.h" />
		<Unit filename="src/geometrie/triangle_rotatable.cpp" />
		<Unit filename="src/geometrie/triangle_rotatable.h" />
		<Unit filename="src/geometrie/triangle_translatable.cpp" />
		<Unit filename="src/geometrie/triangle_translatable.h" />
		<Unit filename="src/graphisme/couleur.cpp" />
		<Unit filename="src/graphisme/couleur.h" />
		<Unit filename="src/svg/svgfile.cpp" />
		<Unit filename="src/svg/svgfile.h" />
		<Unit filename="src/util/util.cpp" />
		<Unit filename="src/util/util.h" />
		<Extensions>
			<code_completion />
			<envvars />
			<debugger />
		</Extensions>
	</Project>
</CodeBlocks_project_file>
